<?xml version="1.0" encoding="utf-8"?>
<Project ToolsVersion="4.0" xmlns="http://schemas.microsoft.com/developer/msbuild/2003">
  <ItemGroup>
    <Filter Include="Source Files">
      <UniqueIdentifier>{4FC737F1-C7A5-4376-A066-2A32D752A2FF}</UniqueIdentifier>
      <Extensions>cpp;c;cc;cxx;def;odl;idl;hpj;bat;asm;asmx</Extensions>
    </Filter>
    <Filter Include="Header Files">
      <UniqueIdentifier>{93995380-89BD-4b04-88EB-625FBE52EBFB}</UniqueIdentifier>
      <Extensions>h;hpp;hxx;hm;inl;inc;xsd</Extensions>
    </Filter>
    <Filter Include="Resource Files">
      <UniqueIdentifier>{67DA6AB6-F800-4c08-8B7A-83BB121AAD01}</UniqueIdentifier>
      <Extensions>rc;ico;cur;bmp;dlg;rc2;rct;bin;rgs;gif;jpg;jpeg;jpe;resx;tiff;tif;png;wav;mfcribbon-ms</Extensions>
    </Filter>
    <Filter Include="Driver Files">
      <UniqueIdentifier>{8E41214B-6785-4CFE-B992-037D68949A14}</UniqueIdentifier>
      <Extensions>inf;inv;inx;mof;mc;</Extensions>
    </Filter>
    <Filter Include="Header Files\cpp_support">
      <UniqueIdentifier>{89dfb754-8180-419e-864c-7a418dc4a14c}</UniqueIdentifier>
    </Filter>
    <Filter Include="Header Files\trace">
      <UniqueIdentifier>{98beb68d-c8c3-40c3-8a04-9b29326e44e4}</UniqueIdentifier>
    </Filter>
    <Filter Include="Source Files\cpp_support">
      <UniqueIdentifier>{33eda05c-f6dc-489e-b2d8-235ba062febc}</UniqueIdentifier>
    </Filter>
  </ItemGroup>
  <ItemGroup>
    <ClInclude Include="DeviceObject.hpp">
      <Filter>Header Files</Filter>
    </ClInclude>
    <ClInclude Include="DriverGlobals.hpp">
      <Filter>Header Files</Filter>
    </ClInclude>
    <ClInclude Include="DriverTags.hpp">
      <Filter>Header Files</Filter>
    </ClInclude>
    <ClInclude Include="IoctlRoutines.hpp">
      <Filter>Header Files</Filter>
    </ClInclude>
    <ClInclude Include="IrpManager.hpp">
      <Filter>Header Files</Filter>
    </ClInclude>
    <ClInclude Include="cpp_crt_data_section.hpp">
      <Filter>Header Files\cpp_support</Filter>
    </ClInclude>
    <ClInclude Include="cpp_definitions.hpp">
      <Filter>Header Files\cpp_support</Filter>
    </ClInclude>
    <ClInclude Include="cpp_includes.hpp">
      <Filter>Header Files\cpp_support</Filter>
    </ClInclude>
    <ClInclude Include="cpp_non_paged_object.hpp">
      <Filter>Header Files\cpp_support</Filter>
    </ClInclude>
    <ClInclude Include="cpp_object.hpp">
      <Filter>Header Files\cpp_support</Filter>
    </ClInclude>
    <ClInclude Include="cpp_paged_object.hpp">
      <Filter>Header Files\cpp_support</Filter>
    </ClInclude>
    <ClInclude Include="trace.hpp">
      <Filter>Header Files\trace</Filter>
    </ClInclude>
  </ItemGroup>
  <ItemGroup>
    <ClCompile Include="DeviceObject.cpp">
      <Filter>Source Files</Filter>
    </ClCompile>
    <ClCompile Include="DriverEntry.cpp">
      <Filter>Source Files</Filter>
    </ClCompile>
    <ClCompile Include="DriverGlobals.cpp">
      <Filter>Source Files</Filter>
    </ClCompile>
    <ClCompile Include="IoctlRoutines.cpp">
      <Filter>Source Files</Filter>
    </ClCompile>
    <ClCompile Include="IrpManager.cpp">
      <Filter>Source Files</Filter>
    </ClCompile>
    <ClCompile Include="cpp_definitions.cpp">
      <Filter>Source Files\cpp_support</Filter>
    </ClCompile>
    <ClCompile Include="cpp_crt_data_section.cpp">
      <Filter>Source Files\cpp_support</Filter>
    </ClCompile>
  </ItemGroup>
</Project>