
Microsoft Visual Studio Solution File, Format Version 12.00
# Visual Studio 14
VisualStudioVersion = 14.0.25420.1
MinimumVisualStudioVersion = 10.0.40219.1
Project("{8BC9CEB8-8B4A-11D0-8D11-00A0C91BC942}") = "ConsoleApp", "Lab1WPP\Lab1WPP.vcxproj", "{5667165A-242C-475C-BB2A-B7EE6DAD358F}"
EndProject
Project("{8BC9CEB8-8B4A-11D0-8D11-00A0C91BC942}") = "ConsoleAppTestProject", "ConsoleAppTestProject\ConsoleAppTestProject.vcxproj", "{33D8D051-B4CB-4FB1-AD45-52A853C3593C}"
EndProject
Project("{8BC9CEB8-8B4A-11D0-8D11-00A0C91BC942}") = "IOCTLFirstDriver", "IOCTLFirstDriver\IOCTLFirstDriver.vcxproj", "{C198F13F-C98A-4802-B132-55B0BA3B97A9}"
EndProject
Project("{8BC9CEB8-8B4A-11D0-8D11-00A0C91BC942}") = "IOCTLSecondDriver", "IOCTLSecondDriver\IOCTLSecondDriver.vcxproj", "{DC1D178E-C762-41AD-9472-2D0A7F29A957}"
EndProject
Project("{8BC9CEB8-8B4A-11D0-8D11-00A0C91BC942}") = "NotificationDriver", "NotificationDriver\NotificationDriver\NotificationDriver.vcxproj", "{52FEE877-8C96-48C4-94F1-AA73630BB4A3}"
EndProject
Global
	GlobalSection(SolutionConfigurationPlatforms) = preSolution
		Debug|ARM = Debug|ARM
		Debug|ARM64 = Debug|ARM64
		Debug|x64 = Debug|x64
		Debug|x86 = Debug|x86
		Release|ARM = Release|ARM
		Release|ARM64 = Release|ARM64
		Release|x64 = Release|x64
		Release|x86 = Release|x86
	EndGlobalSection
	GlobalSection(ProjectConfigurationPlatforms) = postSolution
		{5667165A-242C-475C-BB2A-B7EE6DAD358F}.Debug|ARM.ActiveCfg = Debug|Win32
		{5667165A-242C-475C-BB2A-B7EE6DAD358F}.Debug|ARM64.ActiveCfg = Debug|Win32
		{5667165A-242C-475C-BB2A-B7EE6DAD358F}.Debug|x64.ActiveCfg = Debug|x64
		{5667165A-242C-475C-BB2A-B7EE6DAD358F}.Debug|x64.Build.0 = Debug|x64
		{5667165A-242C-475C-BB2A-B7EE6DAD358F}.Debug|x86.ActiveCfg = Debug|Win32
		{5667165A-242C-475C-BB2A-B7EE6DAD358F}.Debug|x86.Build.0 = Debug|Win32
		{5667165A-242C-475C-BB2A-B7EE6DAD358F}.Release|ARM.ActiveCfg = Release|Win32
		{5667165A-242C-475C-BB2A-B7EE6DAD358F}.Release|ARM64.ActiveCfg = Release|Win32
		{5667165A-242C-475C-BB2A-B7EE6DAD358F}.Release|x64.ActiveCfg = Release|x64
		{5667165A-242C-475C-BB2A-B7EE6DAD358F}.Release|x64.Build.0 = Release|x64
		{5667165A-242C-475C-BB2A-B7EE6DAD358F}.Release|x86.ActiveCfg = Release|Win32
		{5667165A-242C-475C-BB2A-B7EE6DAD358F}.Release|x86.Build.0 = Release|Win32
		{33D8D051-B4CB-4FB1-AD45-52A853C3593C}.Debug|ARM.ActiveCfg = Debug|Win32
		{33D8D051-B4CB-4FB1-AD45-52A853C3593C}.Debug|ARM64.ActiveCfg = Debug|Win32
		{33D8D051-B4CB-4FB1-AD45-52A853C3593C}.Debug|x64.ActiveCfg = Debug|x64
		{33D8D051-B4CB-4FB1-AD45-52A853C3593C}.Debug|x64.Build.0 = Debug|x64
		{33D8D051-B4CB-4FB1-AD45-52A853C3593C}.Debug|x64.Deploy.0 = Debug|x64
		{33D8D051-B4CB-4FB1-AD45-52A853C3593C}.Debug|x86.ActiveCfg = Debug|Win32
		{33D8D051-B4CB-4FB1-AD45-52A853C3593C}.Debug|x86.Build.0 = Debug|Win32
		{33D8D051-B4CB-4FB1-AD45-52A853C3593C}.Debug|x86.Deploy.0 = Debug|Win32
		{33D8D051-B4CB-4FB1-AD45-52A853C3593C}.Release|ARM.ActiveCfg = Release|Win32
		{33D8D051-B4CB-4FB1-AD45-52A853C3593C}.Release|ARM64.ActiveCfg = Release|Win32
		{33D8D051-B4CB-4FB1-AD45-52A853C3593C}.Release|x64.ActiveCfg = Release|x64
		{33D8D051-B4CB-4FB1-AD45-52A853C3593C}.Release|x64.Build.0 = Release|x64
		{33D8D051-B4CB-4FB1-AD45-52A853C3593C}.Release|x64.Deploy.0 = Release|x64
		{33D8D051-B4CB-4FB1-AD45-52A853C3593C}.Release|x86.ActiveCfg = Release|Win32
		{33D8D051-B4CB-4FB1-AD45-52A853C3593C}.Release|x86.Build.0 = Release|Win32
		{33D8D051-B4CB-4FB1-AD45-52A853C3593C}.Release|x86.Deploy.0 = Release|Win32
		{C198F13F-C98A-4802-B132-55B0BA3B97A9}.Debug|ARM.ActiveCfg = Debug|ARM
		{C198F13F-C98A-4802-B132-55B0BA3B97A9}.Debug|ARM.Build.0 = Debug|ARM
		{C198F13F-C98A-4802-B132-55B0BA3B97A9}.Debug|ARM.Deploy.0 = Debug|ARM
		{C198F13F-C98A-4802-B132-55B0BA3B97A9}.Debug|ARM64.ActiveCfg = Debug|ARM64
		{C198F13F-C98A-4802-B132-55B0BA3B97A9}.Debug|ARM64.Build.0 = Debug|ARM64
		{C198F13F-C98A-4802-B132-55B0BA3B97A9}.Debug|ARM64.Deploy.0 = Debug|ARM64
		{C198F13F-C98A-4802-B132-55B0BA3B97A9}.Debug|x64.ActiveCfg = Debug|x64
		{C198F13F-C98A-4802-B132-55B0BA3B97A9}.Debug|x64.Build.0 = Debug|x64
		{C198F13F-C98A-4802-B132-55B0BA3B97A9}.Debug|x64.Deploy.0 = Debug|x64
		{C198F13F-C98A-4802-B132-55B0BA3B97A9}.Debug|x86.ActiveCfg = Debug|Win32
		{C198F13F-C98A-4802-B132-55B0BA3B97A9}.Debug|x86.Build.0 = Debug|Win32
		{C198F13F-C98A-4802-B132-55B0BA3B97A9}.Debug|x86.Deploy.0 = Debug|Win32
		{C198F13F-C98A-4802-B132-55B0BA3B97A9}.Release|ARM.ActiveCfg = Release|ARM
		{C198F13F-C98A-4802-B132-55B0BA3B97A9}.Release|ARM.Build.0 = Release|ARM
		{C198F13F-C98A-4802-B132-55B0BA3B97A9}.Release|ARM.Deploy.0 = Release|ARM
		{C198F13F-C98A-4802-B132-55B0BA3B97A9}.Release|ARM64.ActiveCfg = Release|ARM64
		{C198F13F-C98A-4802-B132-55B0BA3B97A9}.Release|ARM64.Build.0 = Release|ARM64
		{C198F13F-C98A-4802-B132-55B0BA3B97A9}.Release|ARM64.Deploy.0 = Release|ARM64
		{C198F13F-C98A-4802-B132-55B0BA3B97A9}.Release|x64.ActiveCfg = Release|x64
		{C198F13F-C98A-4802-B132-55B0BA3B97A9}.Release|x64.Build.0 = Release|x64
		{C198F13F-C98A-4802-B132-55B0BA3B97A9}.Release|x64.Deploy.0 = Release|x64
		{C198F13F-C98A-4802-B132-55B0BA3B97A9}.Release|x86.ActiveCfg = Release|Win32
		{C198F13F-C98A-4802-B132-55B0BA3B97A9}.Release|x86.Build.0 = Release|Win32
		{C198F13F-C98A-4802-B132-55B0BA3B97A9}.Release|x86.Deploy.0 = Release|Win32
		{DC1D178E-C762-41AD-9472-2D0A7F29A957}.Debug|ARM.ActiveCfg = Debug|ARM
		{DC1D178E-C762-41AD-9472-2D0A7F29A957}.Debug|ARM.Build.0 = Debug|ARM
		{DC1D178E-C762-41AD-9472-2D0A7F29A957}.Debug|ARM.Deploy.0 = Debug|ARM
		{DC1D178E-C762-41AD-9472-2D0A7F29A957}.Debug|ARM64.ActiveCfg = Debug|ARM64
		{DC1D178E-C762-41AD-9472-2D0A7F29A957}.Debug|ARM64.Build.0 = Debug|ARM64
		{DC1D178E-C762-41AD-9472-2D0A7F29A957}.Debug|ARM64.Deploy.0 = Debug|ARM64
		{DC1D178E-C762-41AD-9472-2D0A7F29A957}.Debug|x64.ActiveCfg = Debug|x64
		{DC1D178E-C762-41AD-9472-2D0A7F29A957}.Debug|x64.Build.0 = Debug|x64
		{DC1D178E-C762-41AD-9472-2D0A7F29A957}.Debug|x64.Deploy.0 = Debug|x64
		{DC1D178E-C762-41AD-9472-2D0A7F29A957}.Debug|x86.ActiveCfg = Debug|Win32
		{DC1D178E-C762-41AD-9472-2D0A7F29A957}.Debug|x86.Build.0 = Debug|Win32
		{DC1D178E-C762-41AD-9472-2D0A7F29A957}.Debug|x86.Deploy.0 = Debug|Win32
		{DC1D178E-C762-41AD-9472-2D0A7F29A957}.Release|ARM.ActiveCfg = Release|ARM
		{DC1D178E-C762-41AD-9472-2D0A7F29A957}.Release|ARM.Build.0 = Release|ARM
		{DC1D178E-C762-41AD-9472-2D0A7F29A957}.Release|ARM.Deploy.0 = Release|ARM
		{DC1D178E-C762-41AD-9472-2D0A7F29A957}.Release|ARM64.ActiveCfg = Release|ARM64
		{DC1D178E-C762-41AD-9472-2D0A7F29A957}.Release|ARM64.Build.0 = Release|ARM64
		{DC1D178E-C762-41AD-9472-2D0A7F29A957}.Release|ARM64.Deploy.0 = Release|ARM64
		{DC1D178E-C762-41AD-9472-2D0A7F29A957}.Release|x64.ActiveCfg = Release|x64
		{DC1D178E-C762-41AD-9472-2D0A7F29A957}.Release|x64.Build.0 = Release|x64
		{DC1D178E-C762-41AD-9472-2D0A7F29A957}.Release|x64.Deploy.0 = Release|x64
		{DC1D178E-C762-41AD-9472-2D0A7F29A957}.Release|x86.ActiveCfg = Release|Win32
		{DC1D178E-C762-41AD-9472-2D0A7F29A957}.Release|x86.Build.0 = Release|Win32
		{DC1D178E-C762-41AD-9472-2D0A7F29A957}.Release|x86.Deploy.0 = Release|Win32
		{52FEE877-8C96-48C4-94F1-AA73630BB4A3}.Debug|ARM.ActiveCfg = Debug|ARM
		{52FEE877-8C96-48C4-94F1-AA73630BB4A3}.Debug|ARM.Build.0 = Debug|ARM
		{52FEE877-8C96-48C4-94F1-AA73630BB4A3}.Debug|ARM.Deploy.0 = Debug|ARM
		{52FEE877-8C96-48C4-94F1-AA73630BB4A3}.Debug|ARM64.ActiveCfg = Debug|ARM64
		{52FEE877-8C96-48C4-94F1-AA73630BB4A3}.Debug|ARM64.Build.0 = Debug|ARM64
		{52FEE877-8C96-48C4-94F1-AA73630BB4A3}.Debug|ARM64.Deploy.0 = Debug|ARM64
		{52FEE877-8C96-48C4-94F1-AA73630BB4A3}.Debug|x64.ActiveCfg = Debug|x64
		{52FEE877-8C96-48C4-94F1-AA73630BB4A3}.Debug|x64.Build.0 = Debug|x64
		{52FEE877-8C96-48C4-94F1-AA73630BB4A3}.Debug|x64.Deploy.0 = Debug|x64
		{52FEE877-8C96-48C4-94F1-AA73630BB4A3}.Debug|x86.ActiveCfg = Debug|Win32
		{52FEE877-8C96-48C4-94F1-AA73630BB4A3}.Debug|x86.Build.0 = Debug|Win32
		{52FEE877-8C96-48C4-94F1-AA73630BB4A3}.Debug|x86.Deploy.0 = Debug|Win32
		{52FEE877-8C96-48C4-94F1-AA73630BB4A3}.Release|ARM.ActiveCfg = Release|ARM
		{52FEE877-8C96-48C4-94F1-AA73630BB4A3}.Release|ARM.Build.0 = Release|ARM
		{52FEE877-8C96-48C4-94F1-AA73630BB4A3}.Release|ARM.Deploy.0 = Release|ARM
		{52FEE877-8C96-48C4-94F1-AA73630BB4A3}.Release|ARM64.ActiveCfg = Release|ARM64
		{52FEE877-8C96-48C4-94F1-AA73630BB4A3}.Release|ARM64.Build.0 = Release|ARM64
		{52FEE877-8C96-48C4-94F1-AA73630BB4A3}.Release|ARM64.Deploy.0 = Release|ARM64
		{52FEE877-8C96-48C4-94F1-AA73630BB4A3}.Release|x64.ActiveCfg = Release|x64
		{52FEE877-8C96-48C4-94F1-AA73630BB4A3}.Release|x64.Build.0 = Release|x64
		{52FEE877-8C96-48C4-94F1-AA73630BB4A3}.Release|x64.Deploy.0 = Release|x64
		{52FEE877-8C96-48C4-94F1-AA73630BB4A3}.Release|x86.ActiveCfg = Release|Win32
		{52FEE877-8C96-48C4-94F1-AA73630BB4A3}.Release|x86.Build.0 = Release|Win32
		{52FEE877-8C96-48C4-94F1-AA73630BB4A3}.Release|x86.Deploy.0 = Release|Win32
	EndGlobalSection
	GlobalSection(SolutionProperties) = preSolution
		HideSolutionNode = FALSE
	EndGlobalSection
EndGlobal
