<?xml version="1.0" encoding="utf-8"?>
<Project ToolsVersion="4.0" xmlns="http://schemas.microsoft.com/developer/msbuild/2003">
  <ItemGroup>
    <Filter Include="Source Files">
      <UniqueIdentifier>{4FC737F1-C7A5-4376-A066-2A32D752A2FF}</UniqueIdentifier>
      <Extensions>cpp;c;cc;cxx;def;odl;idl;hpj;bat;asm;asmx</Extensions>
    </Filter>
    <Filter Include="Header Files">
      <UniqueIdentifier>{93995380-89BD-4b04-88EB-625FBE52EBFB}</UniqueIdentifier>
      <Extensions>h;hh;hpp;hxx;hm;inl;inc;xsd</Extensions>
    </Filter>
    <Filter Include="Resource Files">
      <UniqueIdentifier>{67DA6AB6-F800-4c08-8B7A-83BB121AAD01}</UniqueIdentifier>
      <Extensions>rc;ico;cur;bmp;dlg;rc2;rct;bin;rgs;gif;jpg;jpeg;jpe;resx;tiff;tif;png;wav;mfcribbon-ms</Extensions>
    </Filter>
    <Filter Include="Source Files\Utils">
      <UniqueIdentifier>{50f526a6-886a-4ef8-a67c-cd51281d11c0}</UniqueIdentifier>
    </Filter>
    <Filter Include="Header Files\Utils">
      <UniqueIdentifier>{bc99dcb1-2a7d-49f8-a32e-1b806fdad3d6}</UniqueIdentifier>
    </Filter>
    <Filter Include="Header Files\Dependencies">
      <UniqueIdentifier>{77f17de6-750d-442a-9c2f-672185e37b07}</UniqueIdentifier>
    </Filter>
    <Filter Include="Source Files\Dependencies">
      <UniqueIdentifier>{354f1ca0-0b28-4837-857c-28c6f1d4077e}</UniqueIdentifier>
    </Filter>
  </ItemGroup>
  <ItemGroup>
    <ClInclude Include="targetver.h">
      <Filter>Header Files\Utils</Filter>
    </ClInclude>
    <ClInclude Include="stdafx.h">
      <Filter>Header Files\Utils</Filter>
    </ClInclude>
    <ClInclude Include="LeaksCheck.h">
      <Filter>Header Files\Utils</Filter>
    </ClInclude>
    <ClInclude Include="..\Lab1WPP\ThreadPool.hpp">
      <Filter>Header Files\Dependencies</Filter>
    </ClInclude>
    <ClInclude Include="..\Lab1WPP\trace.h">
      <Filter>Header Files\Dependencies</Filter>
    </ClInclude>
  </ItemGroup>
  <ItemGroup>
    <ClCompile Include="stdafx.cpp">
      <Filter>Source Files\Utils</Filter>
    </ClCompile>
    <ClCompile Include="ThreadPoolTests.cpp">
      <Filter>Source Files</Filter>
    </ClCompile>
    <ClCompile Include="..\Lab1WPP\ThreadPool.cpp">
      <Filter>Source Files\Dependencies</Filter>
    </ClCompile>
  </ItemGroup>
</Project>