<?xml version="1.0" encoding="utf-8"?>
<Project ToolsVersion="4.0" xmlns="http://schemas.microsoft.com/developer/msbuild/2003">
  <ItemGroup>
    <Filter Include="Source Files">
      <UniqueIdentifier>{4FC737F1-C7A5-4376-A066-2A32D752A2FF}</UniqueIdentifier>
      <Extensions>cpp;c;cc;cxx;def;odl;idl;hpj;bat;asm;asmx</Extensions>
    </Filter>
    <Filter Include="Header Files">
      <UniqueIdentifier>{93995380-89BD-4b04-88EB-625FBE52EBFB}</UniqueIdentifier>
      <Extensions>h;hh;hpp;hxx;hm;inl;inc;xsd</Extensions>
    </Filter>
    <Filter Include="Resource Files">
      <UniqueIdentifier>{67DA6AB6-F800-4c08-8B7A-83BB121AAD01}</UniqueIdentifier>
      <Extensions>rc;ico;cur;bmp;dlg;rc2;rct;bin;rgs;gif;jpg;jpeg;jpe;resx;tiff;tif;png;wav;mfcribbon-ms</Extensions>
    </Filter>
    <Filter Include="Header Files\Commands">
      <UniqueIdentifier>{f1983d70-eb1e-4195-b6cd-fd2c59c21126}</UniqueIdentifier>
    </Filter>
    <Filter Include="Source Files\Commands">
      <UniqueIdentifier>{7e421928-059a-4bc5-b763-59be57197ece}</UniqueIdentifier>
    </Filter>
    <Filter Include="Header Files\Globals">
      <UniqueIdentifier>{cd61ed27-9001-4b40-84c0-0da1e2c46697}</UniqueIdentifier>
    </Filter>
    <Filter Include="Source Files\Globals">
      <UniqueIdentifier>{c17e7568-e5f0-4460-892b-09f6d1552013}</UniqueIdentifier>
    </Filter>
    <Filter Include="Header Files\Data Structures">
      <UniqueIdentifier>{f09f8dd9-94a2-4b07-921e-0243ed7d3cec}</UniqueIdentifier>
    </Filter>
    <Filter Include="Source Files\Data Structures">
      <UniqueIdentifier>{e82e6e0d-69f4-44ab-ae62-acebff34d74b}</UniqueIdentifier>
    </Filter>
    <Filter Include="Source Files\Process Utils">
      <UniqueIdentifier>{448687c8-7c27-429c-9828-8390523a87a5}</UniqueIdentifier>
    </Filter>
    <Filter Include="Header Files\Dynamic Imports">
      <UniqueIdentifier>{e8519344-dada-44c3-936d-b81a116165b0}</UniqueIdentifier>
    </Filter>
    <Filter Include="Header Files\Process Utils">
      <UniqueIdentifier>{22eb11a0-7c48-408f-8e3c-9cf05a47b29b}</UniqueIdentifier>
    </Filter>
    <Filter Include="Header Files\Ioctl">
      <UniqueIdentifier>{3fa3fa0e-3bc6-4dd2-80dc-156882f78e54}</UniqueIdentifier>
    </Filter>
    <Filter Include="Source Files\Ioctl">
      <UniqueIdentifier>{e70aa786-2e05-4df0-a492-6cf8cd160858}</UniqueIdentifier>
    </Filter>
    <Filter Include="Source Files\Remote Thread">
      <UniqueIdentifier>{1c3e9e99-d531-4047-b88b-56e5ff28dda3}</UniqueIdentifier>
    </Filter>
    <Filter Include="Header Files\Remote Thread">
      <UniqueIdentifier>{d40dec68-b85d-4dce-80dd-e9db4da419da}</UniqueIdentifier>
    </Filter>
  </ItemGroup>
  <ItemGroup>
    <ClCompile Include="Source.cpp">
      <Filter>Source Files</Filter>
    </ClCompile>
    <ClCompile Include="GlobalData.cpp">
      <Filter>Source Files\Globals</Filter>
    </ClCompile>
    <ClCompile Include="Command.cpp">
      <Filter>Source Files\Commands</Filter>
    </ClCompile>
    <ClCompile Include="CommandInterpreter.cpp">
      <Filter>Source Files\Commands</Filter>
    </ClCompile>
    <ClCompile Include="ThreadPool.cpp">
      <Filter>Source Files\Data Structures</Filter>
    </ClCompile>
    <ClCompile Include="ProcessUtils.cpp">
      <Filter>Source Files\Process Utils</Filter>
    </ClCompile>
    <ClCompile Include="Ioctl.cpp">
      <Filter>Source Files\Ioctl</Filter>
    </ClCompile>
    <ClCompile Include="RemoteThread.cpp">
      <Filter>Source Files</Filter>
    </ClCompile>
  </ItemGroup>
  <ItemGroup>
    <ClInclude Include="Command.hpp">
      <Filter>Header Files\Commands</Filter>
    </ClInclude>
    <ClInclude Include="GlobalData.hpp">
      <Filter>Header Files\Globals</Filter>
    </ClInclude>
    <ClInclude Include="CommandInterpreter.hpp">
      <Filter>Header Files\Commands</Filter>
    </ClInclude>
    <ClInclude Include="ThreadPool.hpp">
      <Filter>Header Files\Data Structures</Filter>
    </ClInclude>
    <ClInclude Include="NtDefinitions.hpp">
      <Filter>Header Files\Dynamic Imports</Filter>
    </ClInclude>
    <ClInclude Include="DynamicImports.hpp">
      <Filter>Header Files\Dynamic Imports</Filter>
    </ClInclude>
    <ClInclude Include="ProcessUtils.hpp">
      <Filter>Header Files\Process Utils</Filter>
    </ClInclude>
    <ClInclude Include="Ioctl.hpp">
      <Filter>Header Files\Ioctl</Filter>
    </ClInclude>
    <ClInclude Include="RemoteThread.hpp">
      <Filter>Header Files\Remote Thread</Filter>
    </ClInclude>
  </ItemGroup>
</Project>