<?xml version="1.0" encoding="utf-8"?>
<Project ToolsVersion="4.0" xmlns="http://schemas.microsoft.com/developer/msbuild/2003">
  <ItemGroup>
    <Filter Include="Source Files">
      <UniqueIdentifier>{4FC737F1-C7A5-4376-A066-2A32D752A2FF}</UniqueIdentifier>
      <Extensions>cpp;c;cc;cxx;def;odl;idl;hpj;bat;asm;asmx</Extensions>
    </Filter>
    <Filter Include="Header Files">
      <UniqueIdentifier>{93995380-89BD-4b04-88EB-625FBE52EBFB}</UniqueIdentifier>
      <Extensions>h;hpp;hxx;hm;inl;inc;xsd</Extensions>
    </Filter>
    <Filter Include="Resource Files">
      <UniqueIdentifier>{67DA6AB6-F800-4c08-8B7A-83BB121AAD01}</UniqueIdentifier>
      <Extensions>rc;ico;cur;bmp;dlg;rc2;rct;bin;rgs;gif;jpg;jpeg;jpe;resx;tiff;tif;png;wav;mfcribbon-ms</Extensions>
    </Filter>
    <Filter Include="Driver Files">
      <UniqueIdentifier>{8E41214B-6785-4CFE-B992-037D68949A14}</UniqueIdentifier>
      <Extensions>inf;inv;inx;mof;mc;</Extensions>
    </Filter>
    <Filter Include="Header Files\cpp">
      <UniqueIdentifier>{a135d435-8668-4619-83c0-1eef18e17cb0}</UniqueIdentifier>
    </Filter>
    <Filter Include="Source Files\cpp">
      <UniqueIdentifier>{8aa29daf-5ccc-420c-81d5-0adbca4d5581}</UniqueIdentifier>
    </Filter>
    <Filter Include="Header Files\Data Structures">
      <UniqueIdentifier>{312016b4-8b21-4175-b573-688d1cd3f9df}</UniqueIdentifier>
    </Filter>
    <Filter Include="Header Files\definitions">
      <UniqueIdentifier>{2eeddef3-2b3f-4620-896b-6f71dbd0a037}</UniqueIdentifier>
    </Filter>
    <Filter Include="Header Files\Process filter">
      <UniqueIdentifier>{4eb98eaa-9962-4034-ae48-0ea692562c59}</UniqueIdentifier>
    </Filter>
    <Filter Include="Source Files\ProcessFilter">
      <UniqueIdentifier>{57478e6c-a3e4-4c0d-b644-79e342e2ef0a}</UniqueIdentifier>
    </Filter>
  </ItemGroup>
  <ItemGroup>
    <ClInclude Include="cpp_crt_data_section.hpp">
      <Filter>Header Files\cpp</Filter>
    </ClInclude>
    <ClInclude Include="cpp_definitions.hpp">
      <Filter>Header Files\cpp</Filter>
    </ClInclude>
    <ClInclude Include="cpp_includes.hpp">
      <Filter>Header Files\cpp</Filter>
    </ClInclude>
    <ClInclude Include="cpp_object.hpp">
      <Filter>Header Files\cpp</Filter>
    </ClInclude>
    <ClInclude Include="Filter.hpp">
      <Filter>Header Files</Filter>
    </ClInclude>
    <ClInclude Include="GlobalData.hpp">
      <Filter>Header Files</Filter>
    </ClInclude>
    <ClInclude Include="DeviceObject.hpp">
      <Filter>Header Files</Filter>
    </ClInclude>
    <ClInclude Include="Lock.hpp">
      <Filter>Header Files\Data Structures</Filter>
    </ClInclude>
    <ClInclude Include="Lockguard.hpp">
      <Filter>Header Files\Data Structures</Filter>
    </ClInclude>
    <ClInclude Include="includes.hpp">
      <Filter>Header Files\definitions</Filter>
    </ClInclude>
    <ClInclude Include="DriverTags.hpp">
      <Filter>Header Files\definitions</Filter>
    </ClInclude>
    <ClInclude Include="Process.hpp">
      <Filter>Header Files\Process filter</Filter>
    </ClInclude>
    <ClInclude Include="LinkedList.hpp">
      <Filter>Header Files\Data Structures</Filter>
    </ClInclude>
    <ClInclude Include="ProcessCollector.hpp">
      <Filter>Header Files\Process filter</Filter>
    </ClInclude>
    <ClInclude Include="trace.hpp">
      <Filter>Header Files\definitions</Filter>
    </ClInclude>
    <ClInclude Include="ThreadFilter.hpp">
      <Filter>Header Files\Process filter</Filter>
    </ClInclude>
    <ClInclude Include="StackTrace.hpp">
      <Filter>Header Files\Process filter</Filter>
    </ClInclude>
  </ItemGroup>
  <ItemGroup>
    <ClCompile Include="cpp_crt_data_section.cpp">
      <Filter>Source Files\cpp</Filter>
    </ClCompile>
    <ClCompile Include="DriverEntry.cpp">
      <Filter>Source Files</Filter>
    </ClCompile>
    <ClCompile Include="cpp_definitions.cpp">
      <Filter>Source Files\cpp</Filter>
    </ClCompile>
    <ClCompile Include="GlobalData.cpp">
      <Filter>Source Files</Filter>
    </ClCompile>
    <ClCompile Include="Filter.cpp">
      <Filter>Source Files</Filter>
    </ClCompile>
    <ClCompile Include="DeviceObject.cpp">
      <Filter>Source Files</Filter>
    </ClCompile>
    <ClCompile Include="ProcessCollector.cpp">
      <Filter>Source Files\ProcessFilter</Filter>
    </ClCompile>
    <ClCompile Include="StackTrace.cpp">
      <Filter>Source Files\ProcessFilter</Filter>
    </ClCompile>
  </ItemGroup>
</Project>