
Microsoft Visual Studio Solution File, Format Version 12.00
# Visual Studio 14
VisualStudioVersion = 14.0.25420.1
MinimumVisualStudioVersion = 10.0.40219.1
Project("{8BC9CEB8-8B4A-11D0-8D11-00A0C91BC942}") = "Procmon", "Procmon\Procmon.vcxproj", "{43B566BF-F793-4100-89C6-36D967D7488D}"
EndProject
Project("{8BC9CEB8-8B4A-11D0-8D11-00A0C91BC942}") = "CppLib", "CppLib\CppLib.vcxproj", "{BFFC6A7F-4C50-41D7-974E-7F17630C4B16}"
EndProject
Project("{8BC9CEB8-8B4A-11D0-8D11-00A0C91BC942}") = "Minifilter", "Minifilter\Minifilter.vcxproj", "{F5F7DFE3-027F-434B-8F93-58D49AA07AD4}"
EndProject
Global
	GlobalSection(SolutionConfigurationPlatforms) = preSolution
		Debug|ARM = Debug|ARM
		Debug|ARM64 = Debug|ARM64
		Debug|x64 = Debug|x64
		Debug|x86 = Debug|x86
		Release|ARM = Release|ARM
		Release|ARM64 = Release|ARM64
		Release|x64 = Release|x64
		Release|x86 = Release|x86
	EndGlobalSection
	GlobalSection(ProjectConfigurationPlatforms) = postSolution
		{43B566BF-F793-4100-89C6-36D967D7488D}.Debug|ARM.ActiveCfg = Debug|Win32
		{43B566BF-F793-4100-89C6-36D967D7488D}.Debug|ARM64.ActiveCfg = Debug|Win32
		{43B566BF-F793-4100-89C6-36D967D7488D}.Debug|x64.ActiveCfg = Debug|x64
		{43B566BF-F793-4100-89C6-36D967D7488D}.Debug|x64.Build.0 = Debug|x64
		{43B566BF-F793-4100-89C6-36D967D7488D}.Debug|x86.ActiveCfg = Debug|Win32
		{43B566BF-F793-4100-89C6-36D967D7488D}.Debug|x86.Build.0 = Debug|Win32
		{43B566BF-F793-4100-89C6-36D967D7488D}.Release|ARM.ActiveCfg = Release|Win32
		{43B566BF-F793-4100-89C6-36D967D7488D}.Release|ARM64.ActiveCfg = Release|Win32
		{43B566BF-F793-4100-89C6-36D967D7488D}.Release|x64.ActiveCfg = Release|x64
		{43B566BF-F793-4100-89C6-36D967D7488D}.Release|x64.Build.0 = Release|x64
		{43B566BF-F793-4100-89C6-36D967D7488D}.Release|x86.ActiveCfg = Release|Win32
		{43B566BF-F793-4100-89C6-36D967D7488D}.Release|x86.Build.0 = Release|Win32
		{BFFC6A7F-4C50-41D7-974E-7F17630C4B16}.Debug|ARM.ActiveCfg = Debug|ARM
		{BFFC6A7F-4C50-41D7-974E-7F17630C4B16}.Debug|ARM.Build.0 = Debug|ARM
		{BFFC6A7F-4C50-41D7-974E-7F17630C4B16}.Debug|ARM.Deploy.0 = Debug|ARM
		{BFFC6A7F-4C50-41D7-974E-7F17630C4B16}.Debug|ARM64.ActiveCfg = Debug|ARM64
		{BFFC6A7F-4C50-41D7-974E-7F17630C4B16}.Debug|ARM64.Build.0 = Debug|ARM64
		{BFFC6A7F-4C50-41D7-974E-7F17630C4B16}.Debug|ARM64.Deploy.0 = Debug|ARM64
		{BFFC6A7F-4C50-41D7-974E-7F17630C4B16}.Debug|x64.ActiveCfg = Debug|x64
		{BFFC6A7F-4C50-41D7-974E-7F17630C4B16}.Debug|x64.Build.0 = Debug|x64
		{BFFC6A7F-4C50-41D7-974E-7F17630C4B16}.Debug|x64.Deploy.0 = Debug|x64
		{BFFC6A7F-4C50-41D7-974E-7F17630C4B16}.Debug|x86.ActiveCfg = Debug|Win32
		{BFFC6A7F-4C50-41D7-974E-7F17630C4B16}.Debug|x86.Build.0 = Debug|Win32
		{BFFC6A7F-4C50-41D7-974E-7F17630C4B16}.Debug|x86.Deploy.0 = Debug|Win32
		{BFFC6A7F-4C50-41D7-974E-7F17630C4B16}.Release|ARM.ActiveCfg = Release|ARM
		{BFFC6A7F-4C50-41D7-974E-7F17630C4B16}.Release|ARM.Build.0 = Release|ARM
		{BFFC6A7F-4C50-41D7-974E-7F17630C4B16}.Release|ARM.Deploy.0 = Release|ARM
		{BFFC6A7F-4C50-41D7-974E-7F17630C4B16}.Release|ARM64.ActiveCfg = Release|ARM64
		{BFFC6A7F-4C50-41D7-974E-7F17630C4B16}.Release|ARM64.Build.0 = Release|ARM64
		{BFFC6A7F-4C50-41D7-974E-7F17630C4B16}.Release|ARM64.Deploy.0 = Release|ARM64
		{BFFC6A7F-4C50-41D7-974E-7F17630C4B16}.Release|x64.ActiveCfg = Release|x64
		{BFFC6A7F-4C50-41D7-974E-7F17630C4B16}.Release|x64.Build.0 = Release|x64
		{BFFC6A7F-4C50-41D7-974E-7F17630C4B16}.Release|x64.Deploy.0 = Release|x64
		{BFFC6A7F-4C50-41D7-974E-7F17630C4B16}.Release|x86.ActiveCfg = Release|Win32
		{BFFC6A7F-4C50-41D7-974E-7F17630C4B16}.Release|x86.Build.0 = Release|Win32
		{BFFC6A7F-4C50-41D7-974E-7F17630C4B16}.Release|x86.Deploy.0 = Release|Win32
		{F5F7DFE3-027F-434B-8F93-58D49AA07AD4}.Debug|ARM.ActiveCfg = Debug|ARM
		{F5F7DFE3-027F-434B-8F93-58D49AA07AD4}.Debug|ARM.Build.0 = Debug|ARM
		{F5F7DFE3-027F-434B-8F93-58D49AA07AD4}.Debug|ARM.Deploy.0 = Debug|ARM
		{F5F7DFE3-027F-434B-8F93-58D49AA07AD4}.Debug|ARM64.ActiveCfg = Debug|ARM64
		{F5F7DFE3-027F-434B-8F93-58D49AA07AD4}.Debug|ARM64.Build.0 = Debug|ARM64
		{F5F7DFE3-027F-434B-8F93-58D49AA07AD4}.Debug|ARM64.Deploy.0 = Debug|ARM64
		{F5F7DFE3-027F-434B-8F93-58D49AA07AD4}.Debug|x64.ActiveCfg = Debug|x64
		{F5F7DFE3-027F-434B-8F93-58D49AA07AD4}.Debug|x64.Build.0 = Debug|x64
		{F5F7DFE3-027F-434B-8F93-58D49AA07AD4}.Debug|x64.Deploy.0 = Debug|x64
		{F5F7DFE3-027F-434B-8F93-58D49AA07AD4}.Debug|x86.ActiveCfg = Debug|Win32
		{F5F7DFE3-027F-434B-8F93-58D49AA07AD4}.Debug|x86.Build.0 = Debug|Win32
		{F5F7DFE3-027F-434B-8F93-58D49AA07AD4}.Debug|x86.Deploy.0 = Debug|Win32
		{F5F7DFE3-027F-434B-8F93-58D49AA07AD4}.Release|ARM.ActiveCfg = Release|ARM
		{F5F7DFE3-027F-434B-8F93-58D49AA07AD4}.Release|ARM.Build.0 = Release|ARM
		{F5F7DFE3-027F-434B-8F93-58D49AA07AD4}.Release|ARM.Deploy.0 = Release|ARM
		{F5F7DFE3-027F-434B-8F93-58D49AA07AD4}.Release|ARM64.ActiveCfg = Release|ARM64
		{F5F7DFE3-027F-434B-8F93-58D49AA07AD4}.Release|ARM64.Build.0 = Release|ARM64
		{F5F7DFE3-027F-434B-8F93-58D49AA07AD4}.Release|ARM64.Deploy.0 = Release|ARM64
		{F5F7DFE3-027F-434B-8F93-58D49AA07AD4}.Release|x64.ActiveCfg = Release|x64
		{F5F7DFE3-027F-434B-8F93-58D49AA07AD4}.Release|x64.Build.0 = Release|x64
		{F5F7DFE3-027F-434B-8F93-58D49AA07AD4}.Release|x64.Deploy.0 = Release|x64
		{F5F7DFE3-027F-434B-8F93-58D49AA07AD4}.Release|x86.ActiveCfg = Release|Win32
		{F5F7DFE3-027F-434B-8F93-58D49AA07AD4}.Release|x86.Build.0 = Release|Win32
		{F5F7DFE3-027F-434B-8F93-58D49AA07AD4}.Release|x86.Deploy.0 = Release|Win32
	EndGlobalSection
	GlobalSection(SolutionProperties) = preSolution
		HideSolutionNode = FALSE
	EndGlobalSection
EndGlobal
